
Microsoft Visual Studio Solution File, Format Version 12.00
# Visual Studio Version 17
VisualStudioVersion = 17.13.35931.197 d17.13
MinimumVisualStudioVersion = 10.0.40219.1
Project("{FAE04EC0-301F-11D3-BF4B-00C04F79EFBC}") = "MundialClubes.Web", "MundialClubes.Web\MundialClubes.Web.csproj", "{F9D4222E-E783-4C6D-A17B-E88F92A92D7B}"
EndProject
Project("{FAE04EC0-301F-11D3-BF4B-00C04F79EFBC}") = "MundialClubes.Entidades", "MundialClubes.Entidades\MundialClubes.Entidades.csproj", "{C17413F7-8CCF-4240-B095-7E4655679908}"
EndProject
Project("{FAE04EC0-301F-11D3-BF4B-00C04F79EFBC}") = "MundialClubes.Logica", "MundialClubes.Logica\MundialClubes.Logica.csproj", "{934CF8BB-5C0F-47FB-9D68-5BB70F659BAA}"
EndProject
Global
	GlobalSection(SolutionConfigurationPlatforms) = preSolution
		Debug|Any CPU = Debug|Any CPU
		Release|Any CPU = Release|Any CPU
	EndGlobalSection
	GlobalSection(ProjectConfigurationPlatforms) = postSolution
		{F9D4222E-E783-4C6D-A17B-E88F92A92D7B}.Debug|Any CPU.ActiveCfg = Debug|Any CPU
		{F9D4222E-E783-4C6D-A17B-E88F92A92D7B}.Debug|Any CPU.Build.0 = Debug|Any CPU
		{F9D4222E-E783-4C6D-A17B-E88F92A92D7B}.Release|Any CPU.ActiveCfg = Release|Any CPU
		{F9D4222E-E783-4C6D-A17B-E88F92A92D7B}.Release|Any CPU.Build.0 = Release|Any CPU
		{C17413F7-8CCF-4240-B095-7E4655679908}.Debug|Any CPU.ActiveCfg = Debug|Any CPU
		{C17413F7-8CCF-4240-B095-7E4655679908}.Debug|Any CPU.Build.0 = Debug|Any CPU
		{C17413F7-8CCF-4240-B095-7E4655679908}.Release|Any CPU.ActiveCfg = Release|Any CPU
		{C17413F7-8CCF-4240-B095-7E4655679908}.Release|Any CPU.Build.0 = Release|Any CPU
		{934CF8BB-5C0F-47FB-9D68-5BB70F659BAA}.Debug|Any CPU.ActiveCfg = Debug|Any CPU
		{934CF8BB-5C0F-47FB-9D68-5BB70F659BAA}.Debug|Any CPU.Build.0 = Debug|Any CPU
		{934CF8BB-5C0F-47FB-9D68-5BB70F659BAA}.Release|Any CPU.ActiveCfg = Release|Any CPU
		{934CF8BB-5C0F-47FB-9D68-5BB70F659BAA}.Release|Any CPU.Build.0 = Release|Any CPU
	EndGlobalSection
	GlobalSection(SolutionProperties) = preSolution
		HideSolutionNode = FALSE
	EndGlobalSection
	GlobalSection(ExtensibilityGlobals) = postSolution
		SolutionGuid = {0C600DDF-0FE1-4797-A553-A281DAB6CC50}
	EndGlobalSection
EndGlobal
